
Microsoft Visual Studio Solution File, Format Version 12.00
# Visual Studio 15
VisualStudioVersion = 15.0.28307.271
MinimumVisualStudioVersion = 10.0.40219.1
Project("{FAE04EC0-301F-11D3-BF4B-00C04F79EFBC}") = "DoorControl", "DoorControl\DoorControl.csproj", "{915E14C5-F817-483E-B679-3792BAA16409}"
EndProject
Project("{FAE04EC0-301F-11D3-BF4B-00C04F79EFBC}") = "DoorControlTest_Unit", "DoorControl.Test.Unit\DoorControlTest_Unit.csproj", "{76499422-71F5-4420-AD67-F1EE43AD9E11}"
EndProject
Global
	GlobalSection(SolutionConfigurationPlatforms) = preSolution
		Debug|Any CPU = Debug|Any CPU
		Release|Any CPU = Release|Any CPU
	EndGlobalSection
	GlobalSection(ProjectConfigurationPlatforms) = postSolution
		{915E14C5-F817-483E-B679-3792BAA16409}.Debug|Any CPU.ActiveCfg = Debug|Any CPU
		{915E14C5-F817-483E-B679-3792BAA16409}.Debug|Any CPU.Build.0 = Debug|Any CPU
		{915E14C5-F817-483E-B679-3792BAA16409}.Release|Any CPU.ActiveCfg = Release|Any CPU
		{915E14C5-F817-483E-B679-3792BAA16409}.Release|Any CPU.Build.0 = Release|Any CPU
		{76499422-71F5-4420-AD67-F1EE43AD9E11}.Debug|Any CPU.ActiveCfg = Debug|Any CPU
		{76499422-71F5-4420-AD67-F1EE43AD9E11}.Debug|Any CPU.Build.0 = Debug|Any CPU
		{76499422-71F5-4420-AD67-F1EE43AD9E11}.Release|Any CPU.ActiveCfg = Release|Any CPU
		{76499422-71F5-4420-AD67-F1EE43AD9E11}.Release|Any CPU.Build.0 = Release|Any CPU
	EndGlobalSection
	GlobalSection(SolutionProperties) = preSolution
		HideSolutionNode = FALSE
	EndGlobalSection
	GlobalSection(ExtensibilityGlobals) = postSolution
		SolutionGuid = {7907E926-B8D7-463F-B2E4-B1A8E8F0697F}
	EndGlobalSection
EndGlobal
